
Microsoft Visual Studio Solution File, Format Version 12.00
# Visual Studio Version 16
VisualStudioVersion = 16.0.29709.97
MinimumVisualStudioVersion = 10.0.40219.1
Project("{FAE04EC0-301F-11D3-BF4B-00C04F79EFBC}") = "E621Client", "E621Client\E621Client.csproj", "{BC22F762-4C21-456A-B0A1-B7DF384E3799}"
EndProject
Global
	GlobalSection(SolutionConfigurationPlatforms) = preSolution
		Debug|Any CPU = Debug|Any CPU
		Release|Any CPU = Release|Any CPU
	EndGlobalSection
	GlobalSection(ProjectConfigurationPlatforms) = postSolution
		{BC22F762-4C21-456A-B0A1-B7DF384E3799}.Debug|Any CPU.ActiveCfg = Debug|Any CPU
		{BC22F762-4C21-456A-B0A1-B7DF384E3799}.Debug|Any CPU.Build.0 = Debug|Any CPU
		{BC22F762-4C21-456A-B0A1-B7DF384E3799}.Release|Any CPU.ActiveCfg = Release|Any CPU
		{BC22F762-4C21-456A-B0A1-B7DF384E3799}.Release|Any CPU.Build.0 = Release|Any CPU
	EndGlobalSection
	GlobalSection(SolutionProperties) = preSolution
		HideSolutionNode = FALSE
	EndGlobalSection
	GlobalSection(ExtensibilityGlobals) = postSolution
		SolutionGuid = {B4FDD8C9-E40A-416F-A256-2A6963338CAB}
	EndGlobalSection
EndGlobal
